Microsoft Visual Studio Solution File, Format Version 12.00
# Visual Studio Version 17
VisualStudioVersion = 17.5.2.0
MinimumVisualStudioVersion = 10.0.40219.1
Project("{FAE04EC0-301F-11D3-BF4B-00C04F79EFBC}") = "Main", "Main\Main.csproj", "{4C67C004-09B2-49FA-CEEB-AFD77CD4D2D9}"
EndProject
Project("{2150E333-8FDC-42A3-9474-1A3956D46DE8}") = "GameDb", "GameDb", "{62CE951D-388E-4B43-A312-FEECAD409001}"
EndProject
Project("{FAE04EC0-301F-11D3-BF4B-00C04F79EFBC}") = "GameDb.Domain", "GameDb\Domain\GameDb.Domain.csproj", "{DB66A684-6CF6-48D0-AD10-9AC123BD582F}"
EndProject
Project("{FAE04EC0-301F-11D3-BF4B-00C04F79EFBC}") = "GameDb.Repository", "GameDb\Repository\GameDb.Repository.csproj", "{CE0F24E3-E63D-4A9A-B9FE-32485C38A6E6}"
EndProject
Project("{FAE04EC0-301F-11D3-BF4B-00C04F79EFBC}") = "GameDb.Service", "GameDb\Service\GameDb.Service.csproj", "{FE3EDA4C-C197-4AE2-9AD4-27C195848079}"
EndProject
Project("{FAE04EC0-301F-11D3-BF4B-00C04F79EFBC}") = "GameMechanics", "GameMechanics\GameMechanics.csproj", "{9D1889FE-61FA-4CFB-A220-C678B3E85E26}"
EndProject
Global
	GlobalSection(SolutionConfigurationPlatforms) = preSolution
		Debug|Any CPU = Debug|Any CPU
		Release|Any CPU = Release|Any CPU
	EndGlobalSection
	GlobalSection(ProjectConfigurationPlatforms) = postSolution
		{4C67C004-09B2-49FA-CEEB-AFD77CD4D2D9}.Debug|Any CPU.ActiveCfg = Debug|Any CPU
		{4C67C004-09B2-49FA-CEEB-AFD77CD4D2D9}.Debug|Any CPU.Build.0 = Debug|Any CPU
		{4C67C004-09B2-49FA-CEEB-AFD77CD4D2D9}.Release|Any CPU.ActiveCfg = Release|Any CPU
		{4C67C004-09B2-49FA-CEEB-AFD77CD4D2D9}.Release|Any CPU.Build.0 = Release|Any CPU
		{DB66A684-6CF6-48D0-AD10-9AC123BD582F}.Debug|Any CPU.ActiveCfg = Debug|Any CPU
		{DB66A684-6CF6-48D0-AD10-9AC123BD582F}.Debug|Any CPU.Build.0 = Debug|Any CPU
		{DB66A684-6CF6-48D0-AD10-9AC123BD582F}.Release|Any CPU.ActiveCfg = Release|Any CPU
		{DB66A684-6CF6-48D0-AD10-9AC123BD582F}.Release|Any CPU.Build.0 = Release|Any CPU
		{CE0F24E3-E63D-4A9A-B9FE-32485C38A6E6}.Debug|Any CPU.ActiveCfg = Debug|Any CPU
		{CE0F24E3-E63D-4A9A-B9FE-32485C38A6E6}.Debug|Any CPU.Build.0 = Debug|Any CPU
		{CE0F24E3-E63D-4A9A-B9FE-32485C38A6E6}.Release|Any CPU.ActiveCfg = Release|Any CPU
		{CE0F24E3-E63D-4A9A-B9FE-32485C38A6E6}.Release|Any CPU.Build.0 = Release|Any CPU
		{FE3EDA4C-C197-4AE2-9AD4-27C195848079}.Debug|Any CPU.ActiveCfg = Debug|Any CPU
		{FE3EDA4C-C197-4AE2-9AD4-27C195848079}.Debug|Any CPU.Build.0 = Debug|Any CPU
		{FE3EDA4C-C197-4AE2-9AD4-27C195848079}.Release|Any CPU.ActiveCfg = Release|Any CPU
		{FE3EDA4C-C197-4AE2-9AD4-27C195848079}.Release|Any CPU.Build.0 = Release|Any CPU
		{9D1889FE-61FA-4CFB-A220-C678B3E85E26}.Debug|Any CPU.ActiveCfg = Debug|Any CPU
		{9D1889FE-61FA-4CFB-A220-C678B3E85E26}.Debug|Any CPU.Build.0 = Debug|Any CPU
		{9D1889FE-61FA-4CFB-A220-C678B3E85E26}.Release|Any CPU.ActiveCfg = Release|Any CPU
		{9D1889FE-61FA-4CFB-A220-C678B3E85E26}.Release|Any CPU.Build.0 = Release|Any CPU
	EndGlobalSection
	GlobalSection(SolutionProperties) = preSolution
		HideSolutionNode = FALSE
	EndGlobalSection
	GlobalSection(ExtensibilityGlobals) = postSolution
		SolutionGuid = {9103DE52-AE82-4DCE-B7ED-854F9EE4A815}
	EndGlobalSection
	GlobalSection(NestedProjects) = preSolution
		{DB66A684-6CF6-48D0-AD10-9AC123BD582F} = {62CE951D-388E-4B43-A312-FEECAD409001}
		{CE0F24E3-E63D-4A9A-B9FE-32485C38A6E6} = {62CE951D-388E-4B43-A312-FEECAD409001}
		{FE3EDA4C-C197-4AE2-9AD4-27C195848079} = {62CE951D-388E-4B43-A312-FEECAD409001}
	EndGlobalSection
EndGlobal
